// !$*UTF8*$!
{
	archiveVersion = 1;
	classes = {
	};
	objectVersion = 46;
	objects = {

/* Begin PBXBuildFile section */
		0091D8F90E81B9330029341E /* OpenGL.framework in Frameworks */ = {isa = PBXBuildFile; fileRef = 0091D8F80E81B9330029341E /* OpenGL.framework */; };
		00B784B30FF439BC000DE1D7 /* Accelerate.framework in Frameworks */ = {isa = PBXBuildFile; fileRef = 00B784AF0FF439BC000DE1D7 /* Accelerate.framework */; };
		00B784B40FF439BC000DE1D7 /* AudioToolbox.framework in Frameworks */ = {isa = PBXBuildFile; fileRef = 00B784B00FF439BC000DE1D7 /* AudioToolbox.framework */; };
		00B784B50FF439BC000DE1D7 /* AudioUnit.framework in Frameworks */ = {isa = PBXBuildFile; fileRef = 00B784B10FF439BC000DE1D7 /* AudioUnit.framework */; };
		00B784B60FF439BC000DE1D7 /* CoreAudio.framework in Frameworks */ = {isa = PBXBuildFile; fileRef = 00B784B20FF439BC000DE1D7 /* CoreAudio.framework */; };
		17394D85E6F2406BBF31A786 /* NetworkingUtils.cpp in Sources */ = {isa = PBXBuildFile; fileRef = 8C6F774EBBE647C9A33C02B4 /* NetworkingUtils.cpp */; };
		1F24D6B5F3AE4AFFBF494AB4 /* radomeApp.cpp in Sources */ = {isa = PBXBuildFile; fileRef = 1BD950E86031466D89D1F37D /* radomeApp.cpp */; };
		2105860075164B52A4ACD195 /* OscBundle.cpp in Sources */ = {isa = PBXBuildFile; fileRef = 08B40423FDC341A6BE6D5336 /* OscBundle.cpp */; };
		2C93ECBE220243358E14E03A /* OscSender.cpp in Sources */ = {isa = PBXBuildFile; fileRef = E2773BD626CA4A1087395828 /* OscSender.cpp */; };
		3A1EED814B304DA68CEB8678 /* UdpSocket.cpp in Sources */ = {isa = PBXBuildFile; fileRef = FBA71EDFC81A438E96F13131 /* UdpSocket.cpp */; };
		5323E6B20EAFCA74003A9687 /* CoreVideo.framework in Frameworks */ = {isa = PBXBuildFile; fileRef = 5323E6B10EAFCA74003A9687 /* CoreVideo.framework */; };
		5323E6B60EAFCA7E003A9687 /* QTKit.framework in Frameworks */ = {isa = PBXBuildFile; fileRef = 5323E6B50EAFCA7E003A9687 /* QTKit.framework */; };
		5B03AF6A17509B0F0090E4BA /* radome.icns in Resources */ = {isa = PBXBuildFile; fileRef = 5B03AF6917509B0F0090E4BA /* radome.icns */; };
		5B03AF6C175104A40090E4BA /* Exo-Regular.ttf in Resources */ = {isa = PBXBuildFile; fileRef = 5B03AF6B175104A40090E4BA /* Exo-Regular.ttf */; };
		5B0947341749516600E68C5F /* radomeAppUI.cpp in Sources */ = {isa = PBXBuildFile; fileRef = 5B0947321749516600E68C5F /* radomeAppUI.cpp */; };
		5B094738174966F800E68C5F /* radomeGraphics.cpp in Sources */ = {isa = PBXBuildFile; fileRef = 5B094736174966F800E68C5F /* radomeGraphics.cpp */; };
		5B09473B174967DF00E68C5F /* icosohedron.cpp in Sources */ = {isa = PBXBuildFile; fileRef = 5B094739174967DF00E68C5F /* icosohedron.cpp */; };
		5B09473E1749721200E68C5F /* radomeCamera.cpp in Sources */ = {isa = PBXBuildFile; fileRef = 5B09473C1749721200E68C5F /* radomeCamera.cpp */; };
		632B98B2C20A4A7F9E7E67D1 /* OscReceivedElements.cpp in Sources */ = {isa = PBXBuildFile; fileRef = 503A9CCA9BEC417F9CB85C32 /* OscReceivedElements.cpp */; };
		7C076E17AB1A4771A5F45A76 /* IpEndpointName.cpp in Sources */ = {isa = PBXBuildFile; fileRef = 4F6473A0ACE048F7A1B7E79C /* IpEndpointName.cpp */; };
		8711E5BE6FB54304BD3EB800 /* OscTypes.cpp in Sources */ = {isa = PBXBuildFile; fileRef = 032CA83947D94CCA8F4052D9 /* OscTypes.cpp */; };
		89FD725DB7784991A9F0E1D9 /* OscMessage.cpp in Sources */ = {isa = PBXBuildFile; fileRef = 4932A80CE4A44676998E1400 /* OscMessage.cpp */; };
		8D11072F0486CEB800E47090 /* Cocoa.framework in Frameworks */ = {isa = PBXBuildFile; fileRef = 1058C7A1FEA54F0111CA2CBB /* Cocoa.framework */; };
		9507D402048A4F359D64B207 /* OscListener.cpp in Sources */ = {isa = PBXBuildFile; fileRef = 5A8EF9AC1FAE482BAB5B4978 /* OscListener.cpp */; };
		A51B3FCFA8814DB280E68910 /* OscPrintReceivedElements.cpp in Sources */ = {isa = PBXBuildFile; fileRef = 2FEEEB25F51B4455A4276C79 /* OscPrintReceivedElements.cpp */; };
		CDE387679099432C88F5C7E8 /* OscOutboundPacketStream.cpp in Sources */ = {isa = PBXBuildFile; fileRef = 6025054FCAB64E57911823CB /* OscOutboundPacketStream.cpp */; };
/* End PBXBuildFile section */

/* Begin PBXFileReference section */
		0091D8F80E81B9330029341E /* OpenGL.framework */ = {isa = PBXFileReference; lastKnownFileType = wrapper.framework; name = OpenGL.framework; path = /System/Library/Frameworks/OpenGL.framework; sourceTree = "<absolute>"; };
		00B784AF0FF439BC000DE1D7 /* Accelerate.framework */ = {isa = PBXFileReference; lastKnownFileType = wrapper.framework; name = Accelerate.framework; path = System/Library/Frameworks/Accelerate.framework; sourceTree = SDKROOT; };
		00B784B00FF439BC000DE1D7 /* AudioToolbox.framework */ = {isa = PBXFileReference; lastKnownFileType = wrapper.framework; name = AudioToolbox.framework; path = System/Library/Frameworks/AudioToolbox.framework; sourceTree = SDKROOT; };
		00B784B10FF439BC000DE1D7 /* AudioUnit.framework */ = {isa = PBXFileReference; lastKnownFileType = wrapper.framework; name = AudioUnit.framework; path = System/Library/Frameworks/AudioUnit.framework; sourceTree = SDKROOT; };
		00B784B20FF439BC000DE1D7 /* CoreAudio.framework */ = {isa = PBXFileReference; lastKnownFileType = wrapper.framework; name = CoreAudio.framework; path = System/Library/Frameworks/CoreAudio.framework; sourceTree = SDKROOT; };
		02662FADDF6041F59EBCD72F /* OscSender.h */ = {isa = PBXFileReference; lastKnownFileType = sourcecode.c.h; name = OscSender.h; path = ../blocks/OSC/src/OscSender.h; sourceTree = "<group>"; };
		032CA83947D94CCA8F4052D9 /* OscTypes.cpp */ = {isa = PBXFileReference; lastKnownFileType = sourcecode.c.cpp; name = OscTypes.cpp; path = ../blocks/OSC/src/osc/OscTypes.cpp; sourceTree = "<group>"; };
		0702BCBDBF4B49BD88925815 /* ciUINumberDialer.h */ = {isa = PBXFileReference; lastKnownFileType = sourcecode.c.h; name = ciUINumberDialer.h; path = ../blocks/ciUI/src/ciUINumberDialer.h; sourceTree = "<group>"; };
		08B40423FDC341A6BE6D5336 /* OscBundle.cpp */ = {isa = PBXFileReference; lastKnownFileType = sourcecode.c.cpp; name = OscBundle.cpp; path = ../blocks/OSC/src/OscBundle.cpp; sourceTree = "<group>"; };
		0A0A4BACFD92498CA4FEA517 /* ciUIWidget.h */ = {isa = PBXFileReference; lastKnownFileType = sourcecode.c.h; name = ciUIWidget.h; path = ../blocks/ciUI/src/ciUIWidget.h; sourceTree = "<group>"; };
		0BC9338016004654AB061E66 /* ciUIRadio.h */ = {isa = PBXFileReference; lastKnownFileType = sourcecode.c.h; name = ciUIRadio.h; path = ../blocks/ciUI/src/ciUIRadio.h; sourceTree = "<group>"; };
		0D88FFFCF0F14F5989FE338E /* ciUI.h */ = {isa = PBXFileReference; lastKnownFileType = sourcecode.c.h; name = ciUI.h; path = ../blocks/ciUI/src/ciUI.h; sourceTree = "<group>"; };
		1058C7A1FEA54F0111CA2CBB /* Cocoa.framework */ = {isa = PBXFileReference; lastKnownFileType = wrapper.framework; name = Cocoa.framework; path = /System/Library/Frameworks/Cocoa.framework; sourceTree = "<absolute>"; };
		1561FCBF449E4A03A612B07C /* OscTypes.h */ = {isa = PBXFileReference; lastKnownFileType = sourcecode.c.h; name = OscTypes.h; path = ../blocks/OSC/src/osc/OscTypes.h; sourceTree = "<group>"; };
		1BD950E86031466D89D1F37D /* radomeApp.cpp */ = {isa = PBXFileReference; lastKnownFileType = sourcecode.c.cpp; name = radomeApp.cpp; path = ../src/radomeApp.cpp; sourceTree = "<group>"; };
		1E0425D78CF245A7BDF53DA6 /* PacketListener.h */ = {isa = PBXFileReference; lastKnownFileType = sourcecode.c.h; name = PacketListener.h; path = ../blocks/OSC/src/ip/PacketListener.h; sourceTree = "<group>"; };
		281ED04F72EC4F5D8BC1C9B1 /* ciUILabelToggle.h */ = {isa = PBXFileReference; lastKnownFileType = sourcecode.c.h; name = ciUILabelToggle.h; path = ../blocks/ciUI/src/ciUILabelToggle.h; sourceTree = "<group>"; };
		2898EB922B814D8A90433BE0 /* ciUIMinimalSlider.h */ = {isa = PBXFileReference; lastKnownFileType = sourcecode.c.h; name = ciUIMinimalSlider.h; path = ../blocks/ciUI/src/ciUIMinimalSlider.h; sourceTree = "<group>"; };
		29B97324FDCFA39411CA2CEA /* AppKit.framework */ = {isa = PBXFileReference; lastKnownFileType = wrapper.framework; name = AppKit.framework; path = /System/Library/Frameworks/AppKit.framework; sourceTree = "<absolute>"; };
		29B97325FDCFA39411CA2CEA /* Foundation.framework */ = {isa = PBXFileReference; lastKnownFileType = wrapper.framework; name = Foundation.framework; path = /System/Library/Frameworks/Foundation.framework; sourceTree = "<absolute>"; };
		2A3E5CEBDD794FC3968AB76E /* ciUI2DPad.h */ = {isa = PBXFileReference; lastKnownFileType = sourcecode.c.h; name = ciUI2DPad.h; path = ../blocks/ciUI/src/ciUI2DPad.h; sourceTree = "<group>"; };
		2BDC4C8C997F4124A7F0C1C6 /* OscHostEndianness.h */ = {isa = PBXFileReference; lastKnownFileType = sourcecode.c.h; name = OscHostEndianness.h; path = ../blocks/OSC/src/osc/OscHostEndianness.h; sourceTree = "<group>"; };
		2FEB88F9AA4B4845BD6FAB59 /* ciUILabel.h */ = {isa = PBXFileReference; lastKnownFileType = sourcecode.c.h; name = ciUILabel.h; path = ../blocks/ciUI/src/ciUILabel.h; sourceTree = "<group>"; };
		2FEEEB25F51B4455A4276C79 /* OscPrintReceivedElements.cpp */ = {isa = PBXFileReference; lastKnownFileType = sourcecode.c.cpp; name = OscPrintReceivedElements.cpp; path = ../blocks/OSC/src/osc/OscPrintReceivedElements.cpp; sourceTree = "<group>"; };
		32A92F770B714268ACF6B76D /* OscReceivedElements.h */ = {isa = PBXFileReference; lastKnownFileType = sourcecode.c.h; name = OscReceivedElements.h; path = ../blocks/OSC/src/osc/OscReceivedElements.h; sourceTree = "<group>"; };
		3378E8672C7A4776890EC665 /* ciUIEvent.h */ = {isa = PBXFileReference; lastKnownFileType = sourcecode.c.h; name = ciUIEvent.h; path = ../blocks/ciUI/src/ciUIEvent.h; sourceTree = "<group>"; };
		377B17C0943F4E6AA51F291D /* ciUILabelButton.h */ = {isa = PBXFileReference; lastKnownFileType = sourcecode.c.h; name = ciUILabelButton.h; path = ../blocks/ciUI/src/ciUILabelButton.h; sourceTree = "<group>"; };
		3E9F747C55014B389AB1501A /* ciUIImageSlider.h */ = {isa = PBXFileReference; lastKnownFileType = sourcecode.c.h; name = ciUIImageSlider.h; path = ../blocks/ciUI/src/ciUIImageSlider.h; sourceTree = "<group>"; };
		3FDA1718142A4CFC854462B1 /* ciUIImage.h */ = {isa = PBXFileReference; lastKnownFileType = sourcecode.c.h; name = ciUIImage.h; path = ../blocks/ciUI/src/ciUIImage.h; sourceTree = "<group>"; };
		4932A80CE4A44676998E1400 /* OscMessage.cpp */ = {isa = PBXFileReference; lastKnownFileType = sourcecode.c.cpp; name = OscMessage.cpp; path = ../blocks/OSC/src/OscMessage.cpp; sourceTree = "<group>"; };
		4944779DDEFC4938B7085A50 /* IpEndpointName.h */ = {isa = PBXFileReference; lastKnownFileType = sourcecode.c.h; name = IpEndpointName.h; path = ../blocks/OSC/src/ip/IpEndpointName.h; sourceTree = "<group>"; };
		4D1D528F60AE48AABFEC19D6 /* ciUITextInput.h */ = {isa = PBXFileReference; lastKnownFileType = sourcecode.c.h; name = ciUITextInput.h; path = ../blocks/ciUI/src/ciUITextInput.h; sourceTree = "<group>"; };
		4E58CFA27BF24B0794BFAEE2 /* radome_Prefix.pch */ = {isa = PBXFileReference; lastKnownFileType = "\"\""; path = radome_Prefix.pch; sourceTree = "<group>"; };
		4F6473A0ACE048F7A1B7E79C /* IpEndpointName.cpp */ = {isa = PBXFileReference; lastKnownFileType = sourcecode.c.cpp; name = IpEndpointName.cpp; path = ../blocks/OSC/src/ip/IpEndpointName.cpp; sourceTree = "<group>"; };
		503A9CCA9BEC417F9CB85C32 /* OscReceivedElements.cpp */ = {isa = PBXFileReference; lastKnownFileType = sourcecode.c.cpp; name = OscReceivedElements.cpp; path = ../blocks/OSC/src/osc/OscReceivedElements.cpp; sourceTree = "<group>"; };
		5323E6B10EAFCA74003A9687 /* CoreVideo.framework */ = {isa = PBXFileReference; lastKnownFileType = wrapper.framework; name = CoreVideo.framework; path = /System/Library/Frameworks/CoreVideo.framework; sourceTree = "<absolute>"; };
		5323E6B50EAFCA7E003A9687 /* QTKit.framework */ = {isa = PBXFileReference; lastKnownFileType = wrapper.framework; name = QTKit.framework; path = /System/Library/Frameworks/QTKit.framework; sourceTree = "<absolute>"; };
		5A8EF9AC1FAE482BAB5B4978 /* OscListener.cpp */ = {isa = PBXFileReference; lastKnownFileType = sourcecode.c.cpp; name = OscListener.cpp; path = ../blocks/OSC/src/OscListener.cpp; sourceTree = "<group>"; };
		5B03AF6917509B0F0090E4BA /* radome.icns */ = {isa = PBXFileReference; lastKnownFileType = image.icns; name = radome.icns; path = ../resources/radome.icns; sourceTree = "<group>"; };
		5B03AF6B175104A40090E4BA /* Exo-Regular.ttf */ = {isa = PBXFileReference; lastKnownFileType = file; name = "Exo-Regular.ttf"; path = "../resources/Exo-Regular.ttf"; sourceTree = "<group>"; };
		5B0947321749516600E68C5F /* radomeAppUI.cpp */ = {isa = PBXFileReference; fileEncoding = 4; lastKnownFileType = sourcecode.cpp.cpp; path = radomeAppUI.cpp; sourceTree = "<group>"; };
		5B0947331749516600E68C5F /* radomeAppUI.h */ = {isa = PBXFileReference; fileEncoding = 4; lastKnownFileType = sourcecode.c.h; path = radomeAppUI.h; sourceTree = "<group>"; };
		5B0947351749517700E68C5F /* radomeApp.h */ = {isa = PBXFileReference; lastKnownFileType = sourcecode.c.h; path = radomeApp.h; sourceTree = "<group>"; };
		5B094736174966F800E68C5F /* radomeGraphics.cpp */ = {isa = PBXFileReference; fileEncoding = 4; lastKnownFileType = sourcecode.cpp.cpp; name = radomeGraphics.cpp; path = ../src/radomeGraphics.cpp; sourceTree = "<group>"; };
		5B094737174966F800E68C5F /* radomeGraphics.h */ = {isa = PBXFileReference; fileEncoding = 4; lastKnownFileType = sourcecode.c.h; name = radomeGraphics.h; path = ../src/radomeGraphics.h; sourceTree = "<group>"; };
		5B094739174967DF00E68C5F /* icosohedron.cpp */ = {isa = PBXFileReference; fileEncoding = 4; lastKnownFileType = sourcecode.cpp.cpp; name = icosohedron.cpp; path = ../src/icosohedron.cpp; sourceTree = "<group>"; };
		5B09473A174967DF00E68C5F /* icosohedron.h */ = {isa = PBXFileReference; fileEncoding = 4; lastKnownFileType = sourcecode.c.h; name = icosohedron.h; path = ../src/icosohedron.h; sourceTree = "<group>"; };
		5B09473C1749721200E68C5F /* radomeCamera.cpp */ = {isa = PBXFileReference; fileEncoding = 4; lastKnownFileType = sourcecode.cpp.cpp; name = radomeCamera.cpp; path = ../src/radomeCamera.cpp; sourceTree = "<group>"; };
		5B09473D1749721200E68C5F /* radomeCamera.h */ = {isa = PBXFileReference; fileEncoding = 4; lastKnownFileType = sourcecode.c.h; name = radomeCamera.h; path = ../src/radomeCamera.h; sourceTree = "<group>"; };
		6025054FCAB64E57911823CB /* OscOutboundPacketStream.cpp */ = {isa = PBXFileReference; lastKnownFileType = sourcecode.c.cpp; name = OscOutboundPacketStream.cpp; path = ../blocks/OSC/src/osc/OscOutboundPacketStream.cpp; sourceTree = "<group>"; };
		677AD27F25394ECE89AB0829 /* ciUIImageSampler.h */ = {isa = PBXFileReference; lastKnownFileType = sourcecode.c.h; name = ciUIImageSampler.h; path = ../blocks/ciUI/src/ciUIImageSampler.h; sourceTree = "<group>"; };
		6C67F483E9074F70B61F53AD /* ciUIMultiImageToggle.h */ = {isa = PBXFileReference; lastKnownFileType = sourcecode.c.h; name = ciUIMultiImageToggle.h; path = ../blocks/ciUI/src/ciUIMultiImageToggle.h; sourceTree = "<group>"; };
		6DDC36F9DD754B4B95B376C1 /* ciUIWidgetWithLabel.h */ = {isa = PBXFileReference; lastKnownFileType = sourcecode.c.h; name = ciUIWidgetWithLabel.h; path = ../blocks/ciUI/src/ciUIWidgetWithLabel.h; sourceTree = "<group>"; };
		70ABD71A80094B7E9A57C773 /* ciUIScrollableCanvas.h */ = {isa = PBXFileReference; lastKnownFileType = sourcecode.c.h; name = ciUIScrollableCanvas.h; path = ../blocks/ciUI/src/ciUIScrollableCanvas.h; sourceTree = "<group>"; };
		71618DE7C18F455EB6879E2A /* TimerListener.h */ = {isa = PBXFileReference; lastKnownFileType = sourcecode.c.h; name = TimerListener.h; path = ../blocks/OSC/src/ip/TimerListener.h; sourceTree = "<group>"; };
		84A8367B1A644E74BB03F50D /* OscArg.h */ = {isa = PBXFileReference; lastKnownFileType = sourcecode.c.h; name = OscArg.h; path = ../blocks/OSC/src/OscArg.h; sourceTree = "<group>"; };
		88CC8F841DE045588E14829E /* NetworkingUtils.h */ = {isa = PBXFileReference; lastKnownFileType = sourcecode.c.h; name = NetworkingUtils.h; path = ../blocks/OSC/src/ip/NetworkingUtils.h; sourceTree = "<group>"; };
		8A02636DE9E2489C9AB8FD86 /* UdpSocket.h */ = {isa = PBXFileReference; lastKnownFileType = sourcecode.c.h; name = UdpSocket.h; path = ../blocks/OSC/src/ip/UdpSocket.h; sourceTree = "<group>"; };
		8C6F774EBBE647C9A33C02B4 /* NetworkingUtils.cpp */ = {isa = PBXFileReference; lastKnownFileType = sourcecode.c.cpp; name = NetworkingUtils.cpp; path = ../blocks/OSC/src/ip/posix/NetworkingUtils.cpp; sourceTree = "<group>"; };
		8D0E4608FF2546B4A4B9DCF8 /* ciUICircleSlider.h */ = {isa = PBXFileReference; lastKnownFileType = sourcecode.c.h; name = ciUICircleSlider.h; path = ../blocks/ciUI/src/ciUICircleSlider.h; sourceTree = "<group>"; };
		8D1107320486CEB800E47090 /* radome.app */ = {isa = PBXFileReference; explicitFileType = wrapper.application; includeInIndex = 0; path = radome.app; sourceTree = BUILT_PRODUCTS_DIR; };
		8D1265B883AB436292689AE6 /* Info.plist */ = {isa = PBXFileReference; lastKnownFileType = text.plist.xml; path = Info.plist; sourceTree = "<group>"; };
		906E3AAC1D89438F905CB16F /* ciUIRangeSlider.h */ = {isa = PBXFileReference; lastKnownFileType = sourcecode.c.h; name = ciUIRangeSlider.h; path = ../blocks/ciUI/src/ciUIRangeSlider.h; sourceTree = "<group>"; };
		947D23B0CE3847F7A80B97B8 /* ciUIMultiImageButton.h */ = {isa = PBXFileReference; lastKnownFileType = sourcecode.c.h; name = ciUIMultiImageButton.h; path = ../blocks/ciUI/src/ciUIMultiImageButton.h; sourceTree = "<group>"; };
		95249E75882E43B9A2F7C463 /* OscException.h */ = {isa = PBXFileReference; lastKnownFileType = sourcecode.c.h; name = OscException.h; path = ../blocks/OSC/src/osc/OscException.h; sourceTree = "<group>"; };
		95DDB7562AFA4876A15C34A7 /* Resources.h */ = {isa = PBXFileReference; lastKnownFileType = sourcecode.c.h; name = Resources.h; path = ../include/Resources.h; sourceTree = "<group>"; };
		9627A5AC9F304FF7AC1206F5 /* OscPacketListener.h */ = {isa = PBXFileReference; lastKnownFileType = sourcecode.c.h; name = OscPacketListener.h; path = ../blocks/OSC/src/osc/OscPacketListener.h; sourceTree = "<group>"; };
		9B4BD9AD339F493691590181 /* ciUIFPS.h */ = {isa = PBXFileReference; lastKnownFileType = sourcecode.c.h; name = ciUIFPS.h; path = ../blocks/ciUI/src/ciUIFPS.h; sourceTree = "<group>"; };
		A48F8417734F4F8C8F51B51D /* ciUIFPSSlider.h */ = {isa = PBXFileReference; lastKnownFileType = sourcecode.c.h; name = ciUIFPSSlider.h; path = ../blocks/ciUI/src/ciUIFPSSlider.h; sourceTree = "<group>"; };
		A4AE5C25683649BFA2BC53F3 /* ciUIMovingGraph.h */ = {isa = PBXFileReference; lastKnownFileType = sourcecode.c.h; name = ciUIMovingGraph.h; path = ../blocks/ciUI/src/ciUIMovingGraph.h; sourceTree = "<group>"; };
		A82A23642E564912BC49AE05 /* ciUICanvas.h */ = {isa = PBXFileReference; lastKnownFileType = sourcecode.c.h; name = ciUICanvas.h; path = ../blocks/ciUI/src/ciUICanvas.h; sourceTree = "<group>"; };
		B82FC84FCC194EF69EE9B490 /* ciUIRectangle.h */ = {isa = PBXFileReference; lastKnownFileType = sourcecode.c.h; name = ciUIRectangle.h; path = ../blocks/ciUI/src/ciUIRectangle.h; sourceTree = "<group>"; };
		BF0ADE9ED26741F594A7A962 /* ciUISpacer.h */ = {isa = PBXFileReference; lastKnownFileType = sourcecode.c.h; name = ciUISpacer.h; path = ../blocks/ciUI/src/ciUISpacer.h; sourceTree = "<group>"; };
		C646C04FAA23449E8DBBC388 /* ciUIRotarySlider.h */ = {isa = PBXFileReference; lastKnownFileType = sourcecode.c.h; name = ciUIRotarySlider.h; path = ../blocks/ciUI/src/ciUIRotarySlider.h; sourceTree = "<group>"; };
		C6B11DB6804346628716A719 /* ciUIBiLabelSlider.h */ = {isa = PBXFileReference; lastKnownFileType = sourcecode.c.h; name = ciUIBiLabelSlider.h; path = ../blocks/ciUI/src/ciUIBiLabelSlider.h; sourceTree = "<group>"; };
		C9CEF6103912449599C78CF9 /* MessageMappingOscPacketListener.h */ = {isa = PBXFileReference; lastKnownFileType = sourcecode.c.h; name = MessageMappingOscPacketListener.h; path = ../blocks/OSC/src/osc/MessageMappingOscPacketListener.h; sourceTree = "<group>"; };
		CAF55BF88FA547EAAFAF069A /* ciUISpectrum.h */ = {isa = PBXFileReference; lastKnownFileType = sourcecode.c.h; name = ciUISpectrum.h; path = ../blocks/ciUI/src/ciUISpectrum.h; sourceTree = "<group>"; };
		CB62BEEABA02489382FBE664 /* OscPrintReceivedElements.h */ = {isa = PBXFileReference; lastKnownFileType = sourcecode.c.h; name = OscPrintReceivedElements.h; path = ../blocks/OSC/src/osc/OscPrintReceivedElements.h; sourceTree = "<group>"; };
		CEA1D72ED0F94AE6946BF0F6 /* ciUIWaveform.h */ = {isa = PBXFileReference; lastKnownFileType = sourcecode.c.h; name = ciUIWaveform.h; path = ../blocks/ciUI/src/ciUIWaveform.h; sourceTree = "<group>"; };
		D50889EA804E4144AA8AFDFA /* ciUISlider.h */ = {isa = PBXFileReference; lastKnownFileType = sourcecode.c.h; name = ciUISlider.h; path = ../blocks/ciUI/src/ciUISlider.h; sourceTree = "<group>"; };
		D8C54AE1D94C4674AFC62613 /* ciUIToggleMatrix.h */ = {isa = PBXFileReference; lastKnownFileType = sourcecode.c.h; name = ciUIToggleMatrix.h; path = ../blocks/ciUI/src/ciUIToggleMatrix.h; sourceTree = "<group>"; };
		DDCDB46AE36F496EA1B5F265 /* ciUIDropDownList.h */ = {isa = PBXFileReference; lastKnownFileType = sourcecode.c.h; name = ciUIDropDownList.h; path = ../blocks/ciUI/src/ciUIDropDownList.h; sourceTree = "<group>"; };
		DF5AD7B8D3C842949FEB93D4 /* OscMessage.h */ = {isa = PBXFileReference; lastKnownFileType = sourcecode.c.h; name = OscMessage.h; path = ../blocks/OSC/src/OscMessage.h; sourceTree = "<group>"; };
		E0BA8E098B1E444C968C10BF /* ciUIImageToggle.h */ = {isa = PBXFileReference; lastKnownFileType = sourcecode.c.h; name = ciUIImageToggle.h; path = ../blocks/ciUI/src/ciUIImageToggle.h; sourceTree = "<group>"; };
		E2773BD626CA4A1087395828 /* OscSender.cpp */ = {isa = PBXFileReference; lastKnownFileType = sourcecode.c.cpp; name = OscSender.cpp; path = ../blocks/OSC/src/OscSender.cpp; sourceTree = "<group>"; };
		E5B3483D39B042F79518E855 /* ciUIToggle.h */ = {isa = PBXFileReference; lastKnownFileType = sourcecode.c.h; name = ciUIToggle.h; path = ../blocks/ciUI/src/ciUIToggle.h; sourceTree = "<group>"; };
		E699AA2D3E094360876749C5 /* OscOutboundPacketStream.h */ = {isa = PBXFileReference; lastKnownFileType = sourcecode.c.h; name = OscOutboundPacketStream.h; path = ../blocks/OSC/src/osc/OscOutboundPacketStream.h; sourceTree = "<group>"; };
		F338D05D6BFD43308FEC650C /* ciUIImageButton.h */ = {isa = PBXFileReference; lastKnownFileType = sourcecode.c.h; name = ciUIImageButton.h; path = ../blocks/ciUI/src/ciUIImageButton.h; sourceTree = "<group>"; };
		F633C84281D34287B1DBB2B4 /* OscListener.h */ = {isa = PBXFileReference; lastKnownFileType = sourcecode.c.h; name = OscListener.h; path = ../blocks/OSC/src/OscListener.h; sourceTree = "<group>"; };
		F672D09145DB428694A75467 /* OscBundle.h */ = {isa = PBXFileReference; lastKnownFileType = sourcecode.c.h; name = OscBundle.h; path = ../blocks/OSC/src/OscBundle.h; sourceTree = "<group>"; };
		FB5074B3E4C44605A2F39164 /* ciUIButton.h */ = {isa = PBXFileReference; lastKnownFileType = sourcecode.c.h; name = ciUIButton.h; path = ../blocks/ciUI/src/ciUIButton.h; sourceTree = "<group>"; };
		FBA71EDFC81A438E96F13131 /* UdpSocket.cpp */ = {isa = PBXFileReference; lastKnownFileType = sourcecode.c.cpp; name = UdpSocket.cpp; path = ../blocks/OSC/src/ip/posix/UdpSocket.cpp; sourceTree = "<group>"; };
/* End PBXFileReference section */

/* Begin PBXFrameworksBuildPhase section */
		8D11072E0486CEB800E47090 /* Frameworks */ = {
			isa = PBXFrameworksBuildPhase;
			buildActionMask = 2147483647;
			files = (
				8D11072F0486CEB800E47090 /* Cocoa.framework in Frameworks */,
				0091D8F90E81B9330029341E /* OpenGL.framework in Frameworks */,
				5323E6B20EAFCA74003A9687 /* CoreVideo.framework in Frameworks */,
				5323E6B60EAFCA7E003A9687 /* QTKit.framework in Frameworks */,
				00B784B30FF439BC000DE1D7 /* Accelerate.framework in Frameworks */,
				00B784B40FF439BC000DE1D7 /* AudioToolbox.framework in Frameworks */,
				00B784B50FF439BC000DE1D7 /* AudioUnit.framework in Frameworks */,
				00B784B60FF439BC000DE1D7 /* CoreAudio.framework in Frameworks */,
			);
			runOnlyForDeploymentPostprocessing = 0;
		};
/* End PBXFrameworksBuildPhase section */

/* Begin PBXGroup section */
		01B97315FEAEA392516A2CEA /* Blocks */ = {
			isa = PBXGroup;
			children = (
				12F7D4C834224323A526FD23 /* ciUI */,
				D045AFC0BB10424FA4609104 /* OSC */,
			);
			name = Blocks;
			sourceTree = "<group>";
		};
		080E96DDFE201D6D7F000001 /* Source */ = {
			isa = PBXGroup;
			children = (
				5B094739174967DF00E68C5F /* icosohedron.cpp */,
				5B09473A174967DF00E68C5F /* icosohedron.h */,
				1BD950E86031466D89D1F37D /* radomeApp.cpp */,
				5B0947351749517700E68C5F /* radomeApp.h */,
				5B0947321749516600E68C5F /* radomeAppUI.cpp */,
				5B0947331749516600E68C5F /* radomeAppUI.h */,
				5B094736174966F800E68C5F /* radomeGraphics.cpp */,
				5B094737174966F800E68C5F /* radomeGraphics.h */,
				5B09473C1749721200E68C5F /* radomeCamera.cpp */,
				5B09473D1749721200E68C5F /* radomeCamera.h */,
			);
			name = Source;
			sourceTree = "<group>";
		};
		1058C7A0FEA54F0111CA2CBB /* Linked Frameworks */ = {
			isa = PBXGroup;
			children = (
				00B784AF0FF439BC000DE1D7 /* Accelerate.framework */,
				00B784B00FF439BC000DE1D7 /* AudioToolbox.framework */,
				00B784B10FF439BC000DE1D7 /* AudioUnit.framework */,
				00B784B20FF439BC000DE1D7 /* CoreAudio.framework */,
				5323E6B50EAFCA7E003A9687 /* QTKit.framework */,
				5323E6B10EAFCA74003A9687 /* CoreVideo.framework */,
				0091D8F80E81B9330029341E /* OpenGL.framework */,
				1058C7A1FEA54F0111CA2CBB /* Cocoa.framework */,
			);
			name = "Linked Frameworks";
			sourceTree = "<group>";
		};
		1058C7A2FEA54F0111CA2CBB /* Other Frameworks */ = {
			isa = PBXGroup;
			children = (
				29B97324FDCFA39411CA2CEA /* AppKit.framework */,
				29B97325FDCFA39411CA2CEA /* Foundation.framework */,
			);
			name = "Other Frameworks";
			sourceTree = "<group>";
		};
		12F7D4C834224323A526FD23 /* ciUI */ = {
			isa = PBXGroup;
			children = (
				2CF46E66DA944127AE7DB7ED /* src */,
			);
			name = ciUI;
			sourceTree = "<group>";
		};
		19C28FACFE9D520D11CA2CBB /* Products */ = {
			isa = PBXGroup;
			children = (
				8D1107320486CEB800E47090 /* radome.app */,
			);
			name = Products;
			sourceTree = "<group>";
		};
		29B97314FDCFA39411CA2CEA /* radome */ = {
			isa = PBXGroup;
			children = (
				01B97315FEAEA392516A2CEA /* Blocks */,
				29B97315FDCFA39411CA2CEA /* Headers */,
				080E96DDFE201D6D7F000001 /* Source */,
				29B97317FDCFA39411CA2CEA /* Resources */,
				29B97323FDCFA39411CA2CEA /* Frameworks */,
				19C28FACFE9D520D11CA2CBB /* Products */,
			);
			name = radome;
			sourceTree = "<group>";
		};
		29B97315FDCFA39411CA2CEA /* Headers */ = {
			isa = PBXGroup;
			children = (
				95DDB7562AFA4876A15C34A7 /* Resources.h */,
				4E58CFA27BF24B0794BFAEE2 /* radome_Prefix.pch */,
			);
			name = Headers;
			sourceTree = "<group>";
		};
		29B97317FDCFA39411CA2CEA /* Resources */ = {
			isa = PBXGroup;
			children = (
				5B03AF6B175104A40090E4BA /* Exo-Regular.ttf */,
				5B03AF6917509B0F0090E4BA /* radome.icns */,
				8D1265B883AB436292689AE6 /* Info.plist */,
			);
			name = Resources;
			sourceTree = "<group>";
		};
		29B97323FDCFA39411CA2CEA /* Frameworks */ = {
			isa = PBXGroup;
			children = (
				1058C7A0FEA54F0111CA2CBB /* Linked Frameworks */,
				1058C7A2FEA54F0111CA2CBB /* Other Frameworks */,
			);
			name = Frameworks;
			sourceTree = "<group>";
		};
		2CF46E66DA944127AE7DB7ED /* src */ = {
			isa = PBXGroup;
			children = (
				0D88FFFCF0F14F5989FE338E /* ciUI.h */,
				2A3E5CEBDD794FC3968AB76E /* ciUI2DPad.h */,
				C6B11DB6804346628716A719 /* ciUIBiLabelSlider.h */,
				FB5074B3E4C44605A2F39164 /* ciUIButton.h */,
				A82A23642E564912BC49AE05 /* ciUICanvas.h */,
				8D0E4608FF2546B4A4B9DCF8 /* ciUICircleSlider.h */,
				DDCDB46AE36F496EA1B5F265 /* ciUIDropDownList.h */,
				3378E8672C7A4776890EC665 /* ciUIEvent.h */,
				9B4BD9AD339F493691590181 /* ciUIFPS.h */,
				A48F8417734F4F8C8F51B51D /* ciUIFPSSlider.h */,
				3FDA1718142A4CFC854462B1 /* ciUIImage.h */,
				F338D05D6BFD43308FEC650C /* ciUIImageButton.h */,
				677AD27F25394ECE89AB0829 /* ciUIImageSampler.h */,
				3E9F747C55014B389AB1501A /* ciUIImageSlider.h */,
				E0BA8E098B1E444C968C10BF /* ciUIImageToggle.h */,
				2FEB88F9AA4B4845BD6FAB59 /* ciUILabel.h */,
				377B17C0943F4E6AA51F291D /* ciUILabelButton.h */,
				281ED04F72EC4F5D8BC1C9B1 /* ciUILabelToggle.h */,
				2898EB922B814D8A90433BE0 /* ciUIMinimalSlider.h */,
				A4AE5C25683649BFA2BC53F3 /* ciUIMovingGraph.h */,
				947D23B0CE3847F7A80B97B8 /* ciUIMultiImageButton.h */,
				6C67F483E9074F70B61F53AD /* ciUIMultiImageToggle.h */,
				0702BCBDBF4B49BD88925815 /* ciUINumberDialer.h */,
				0BC9338016004654AB061E66 /* ciUIRadio.h */,
				906E3AAC1D89438F905CB16F /* ciUIRangeSlider.h */,
				B82FC84FCC194EF69EE9B490 /* ciUIRectangle.h */,
				C646C04FAA23449E8DBBC388 /* ciUIRotarySlider.h */,
				70ABD71A80094B7E9A57C773 /* ciUIScrollableCanvas.h */,
				D50889EA804E4144AA8AFDFA /* ciUISlider.h */,
				BF0ADE9ED26741F594A7A962 /* ciUISpacer.h */,
				CAF55BF88FA547EAAFAF069A /* ciUISpectrum.h */,
				4D1D528F60AE48AABFEC19D6 /* ciUITextInput.h */,
				E5B3483D39B042F79518E855 /* ciUIToggle.h */,
				D8C54AE1D94C4674AFC62613 /* ciUIToggleMatrix.h */,
				CEA1D72ED0F94AE6946BF0F6 /* ciUIWaveform.h */,
				0A0A4BACFD92498CA4FEA517 /* ciUIWidget.h */,
				6DDC36F9DD754B4B95B376C1 /* ciUIWidgetWithLabel.h */,
			);
			name = src;
			sourceTree = "<group>";
		};
		42FA263CA78645E5A015880E /* src */ = {
			isa = PBXGroup;
			children = (
				08B40423FDC341A6BE6D5336 /* OscBundle.cpp */,
				5A8EF9AC1FAE482BAB5B4978 /* OscListener.cpp */,
				4932A80CE4A44676998E1400 /* OscMessage.cpp */,
				E2773BD626CA4A1087395828 /* OscSender.cpp */,
				55EFCC5282DC47E49BD3C1A8 /* ip */,
				7AE4EF67F5894B44A4171A24 /* osc */,
				84A8367B1A644E74BB03F50D /* OscArg.h */,
				F672D09145DB428694A75467 /* OscBundle.h */,
				F633C84281D34287B1DBB2B4 /* OscListener.h */,
				DF5AD7B8D3C842949FEB93D4 /* OscMessage.h */,
				02662FADDF6041F59EBCD72F /* OscSender.h */,
			);
			name = src;
			sourceTree = "<group>";
		};
		55EFCC5282DC47E49BD3C1A8 /* ip */ = {
			isa = PBXGroup;
			children = (
				4F6473A0ACE048F7A1B7E79C /* IpEndpointName.cpp */,
				4944779DDEFC4938B7085A50 /* IpEndpointName.h */,
				88CC8F841DE045588E14829E /* NetworkingUtils.h */,
				1E0425D78CF245A7BDF53DA6 /* PacketListener.h */,
				71618DE7C18F455EB6879E2A /* TimerListener.h */,
				8A02636DE9E2489C9AB8FD86 /* UdpSocket.h */,
				9ABAA8085C3B49AE98FAD90D /* posix */,
			);
			name = ip;
			sourceTree = "<group>";
		};
		7AE4EF67F5894B44A4171A24 /* osc */ = {
			isa = PBXGroup;
			children = (
				6025054FCAB64E57911823CB /* OscOutboundPacketStream.cpp */,
				2FEEEB25F51B4455A4276C79 /* OscPrintReceivedElements.cpp */,
				503A9CCA9BEC417F9CB85C32 /* OscReceivedElements.cpp */,
				032CA83947D94CCA8F4052D9 /* OscTypes.cpp */,
				C9CEF6103912449599C78CF9 /* MessageMappingOscPacketListener.h */,
				95249E75882E43B9A2F7C463 /* OscException.h */,
				2BDC4C8C997F4124A7F0C1C6 /* OscHostEndianness.h */,
				E699AA2D3E094360876749C5 /* OscOutboundPacketStream.h */,
				9627A5AC9F304FF7AC1206F5 /* OscPacketListener.h */,
				CB62BEEABA02489382FBE664 /* OscPrintReceivedElements.h */,
				32A92F770B714268ACF6B76D /* OscReceivedElements.h */,
				1561FCBF449E4A03A612B07C /* OscTypes.h */,
			);
			name = osc;
			sourceTree = "<group>";
		};
		9ABAA8085C3B49AE98FAD90D /* posix */ = {
			isa = PBXGroup;
			children = (
				8C6F774EBBE647C9A33C02B4 /* NetworkingUtils.cpp */,
				FBA71EDFC81A438E96F13131 /* UdpSocket.cpp */,
			);
			name = posix;
			sourceTree = "<group>";
		};
		D045AFC0BB10424FA4609104 /* OSC */ = {
			isa = PBXGroup;
			children = (
				42FA263CA78645E5A015880E /* src */,
			);
			name = OSC;
			sourceTree = "<group>";
		};
/* End PBXGroup section */

/* Begin PBXNativeTarget section */
		8D1107260486CEB800E47090 /* radome */ = {
			isa = PBXNativeTarget;
			buildConfigurationList = C01FCF4A08A954540054247B /* Build configuration list for PBXNativeTarget "radome" */;
			buildPhases = (
				8D1107290486CEB800E47090 /* Resources */,
				8D11072C0486CEB800E47090 /* Sources */,
				8D11072E0486CEB800E47090 /* Frameworks */,
			);
			buildRules = (
			);
			dependencies = (
			);
			name = radome;
			productInstallPath = "$(HOME)/Applications";
			productName = radome;
			productReference = 8D1107320486CEB800E47090 /* radome.app */;
			productType = "com.apple.product-type.application";
		};
/* End PBXNativeTarget section */

/* Begin PBXProject section */
		29B97313FDCFA39411CA2CEA /* Project object */ = {
			isa = PBXProject;
			buildConfigurationList = C01FCF4E08A954540054247B /* Build configuration list for PBXProject "radome" */;
			compatibilityVersion = "Xcode 3.2";
			developmentRegion = English;
			hasScannedForEncodings = 1;
			knownRegions = (
				English,
				Japanese,
				French,
				German,
			);
			mainGroup = 29B97314FDCFA39411CA2CEA /* radome */;
			projectDirPath = "";
			projectRoot = "";
			targets = (
				8D1107260486CEB800E47090 /* radome */,
			);
		};
/* End PBXProject section */

/* Begin PBXResourcesBuildPhase section */
		8D1107290486CEB800E47090 /* Resources */ = {
			isa = PBXResourcesBuildPhase;
			buildActionMask = 2147483647;
			files = (
				5B03AF6A17509B0F0090E4BA /* radome.icns in Resources */,
				5B03AF6C175104A40090E4BA /* Exo-Regular.ttf in Resources */,
			);
			runOnlyForDeploymentPostprocessing = 0;
		};
/* End PBXResourcesBuildPhase section */

/* Begin PBXSourcesBuildPhase section */
		8D11072C0486CEB800E47090 /* Sources */ = {
			isa = PBXSourcesBuildPhase;
			buildActionMask = 2147483647;
			files = (
				1F24D6B5F3AE4AFFBF494AB4 /* radomeApp.cpp in Sources */,
				2105860075164B52A4ACD195 /* OscBundle.cpp in Sources */,
				9507D402048A4F359D64B207 /* OscListener.cpp in Sources */,
				89FD725DB7784991A9F0E1D9 /* OscMessage.cpp in Sources */,
				2C93ECBE220243358E14E03A /* OscSender.cpp in Sources */,
				7C076E17AB1A4771A5F45A76 /* IpEndpointName.cpp in Sources */,
				CDE387679099432C88F5C7E8 /* OscOutboundPacketStream.cpp in Sources */,
				A51B3FCFA8814DB280E68910 /* OscPrintReceivedElements.cpp in Sources */,
				632B98B2C20A4A7F9E7E67D1 /* OscReceivedElements.cpp in Sources */,
				8711E5BE6FB54304BD3EB800 /* OscTypes.cpp in Sources */,
				17394D85E6F2406BBF31A786 /* NetworkingUtils.cpp in Sources */,
				3A1EED814B304DA68CEB8678 /* UdpSocket.cpp in Sources */,
				5B0947341749516600E68C5F /* radomeAppUI.cpp in Sources */,
				5B094738174966F800E68C5F /* radomeGraphics.cpp in Sources */,
				5B09473B174967DF00E68C5F /* icosohedron.cpp in Sources */,
				5B09473E1749721200E68C5F /* radomeCamera.cpp in Sources */,
			);
			runOnlyForDeploymentPostprocessing = 0;
		};
/* End PBXSourcesBuildPhase section */

/* Begin XCBuildConfiguration section */
		C01FCF4B08A954540054247B /* Debug */ = {
			isa = XCBuildConfiguration;
			buildSettings = {
				COMBINE_HIDPI_IMAGES = YES;
				COPY_PHASE_STRIP = NO;
				DEAD_CODE_STRIPPING = YES;
				GCC_DYNAMIC_NO_PIC = NO;
				GCC_INLINES_ARE_PRIVATE_EXTERN = YES;
				GCC_OPTIMIZATION_LEVEL = 0;
				GCC_PRECOMPILE_PREFIX_HEADER = YES;
				GCC_PREFIX_HEADER = radome_Prefix.pch;
				GCC_PREPROCESSOR_DEFINITIONS = (
					"DEBUG=1",
					"$(inherited)",
				);
				GCC_SYMBOLS_PRIVATE_EXTERN = NO;
				INFOPLIST_FILE = Info.plist;
				INSTALL_PATH = "$(HOME)/Applications";
				OTHER_LDFLAGS = "\"$(CINDER_PATH)/lib/libcinder_d.a\"";
				PRODUCT_NAME = radome;
				SYMROOT = ./build;
				WRAPPER_EXTENSION = app;
			};
			name = Debug;
		};
		C01FCF4C08A954540054247B /* Release */ = {
			isa = XCBuildConfiguration;
			buildSettings = {
				COMBINE_HIDPI_IMAGES = YES;
				DEAD_CODE_STRIPPING = YES;
				DEBUG_INFORMATION_FORMAT = "dwarf-with-dsym";
				GCC_FAST_MATH = YES;
				GCC_GENERATE_DEBUGGING_SYMBOLS = NO;
				GCC_INLINES_ARE_PRIVATE_EXTERN = YES;
				GCC_OPTIMIZATION_LEVEL = 3;
				GCC_PRECOMPILE_PREFIX_HEADER = YES;
				GCC_PREFIX_HEADER = radome_Prefix.pch;
				GCC_SYMBOLS_PRIVATE_EXTERN = NO;
				INFOPLIST_FILE = Info.plist;
				INSTALL_PATH = "$(HOME)/Applications";
				OTHER_LDFLAGS = "\"$(CINDER_PATH)/lib/libcinder.a\"";
				PRODUCT_NAME = radome;
				STRIP_INSTALLED_PRODUCT = YES;
				SYMROOT = ./build;
				WRAPPER_EXTENSION = app;
			};
			name = Release;
		};
		C01FCF4F08A954540054247B /* Debug */ = {
			isa = XCBuildConfiguration;
			buildSettings = {
				ALWAYS_SEARCH_USER_PATHS = NO;
				ARCHS = i386;
				CINDER_PATH = ../../cinder_master;
				CLANG_CXX_LANGUAGE_STANDARD = "c++0x";
				CLANG_CXX_LIBRARY = "libc++";
				GCC_WARN_ABOUT_RETURN_TYPE = YES;
				GCC_WARN_UNUSED_VARIABLE = YES;
				HEADER_SEARCH_PATHS = "\"$(CINDER_PATH)/boost\"";
				MACOSX_DEPLOYMENT_TARGET = 10.7;
				SDKROOT = macosx;
				USER_HEADER_SEARCH_PATHS = "\"$(CINDER_PATH)/include\" ../include ../blocks/ciUI/src ../blocks/OSC/src";
			};
			name = Debug;
		};
		C01FCF5008A954540054247B /* Release */ = {
			isa = XCBuildConfiguration;
			buildSettings = {
				ALWAYS_SEARCH_USER_PATHS = NO;
				ARCHS = i386;
				CINDER_PATH = ../../cinder_master;
				CLANG_CXX_LANGUAGE_STANDARD = "c++0x";
				CLANG_CXX_LIBRARY = "libc++";
				GCC_WARN_ABOUT_RETURN_TYPE = YES;
				GCC_WARN_UNUSED_VARIABLE = YES;
				HEADER_SEARCH_PATHS = "\"$(CINDER_PATH)/boost\"";
				MACOSX_DEPLOYMENT_TARGET = 10.7;
				SDKROOT = macosx;
				USER_HEADER_SEARCH_PATHS = "\"$(CINDER_PATH)/include\" ../include ../blocks/ciUI/src ../blocks/OSC/src";
			};
			name = Release;
		};
/* End XCBuildConfiguration section */

/* Begin XCConfigurationList section */
		C01FCF4A08A954540054247B /* Build configuration list for PBXNativeTarget "radome" */ = {
			isa = XCConfigurationList;
			buildConfigurations = (
				C01FCF4B08A954540054247B /* Debug */,
				C01FCF4C08A954540054247B /* Release */,
			);
			defaultConfigurationIsVisible = 0;
			defaultConfigurationName = Release;
		};
		C01FCF4E08A954540054247B /* Build configuration list for PBXProject "radome" */ = {
			isa = XCConfigurationList;
			buildConfigurations = (
				C01FCF4F08A954540054247B /* Debug */,
				C01FCF5008A954540054247B /* Release */,
			);
			defaultConfigurationIsVisible = 0;
			defaultConfigurationName = Release;
		};
/* End XCConfigurationList section */
	};
	rootObject = 29B97313FDCFA39411CA2CEA /* Project object */;
}
