<Project ToolsVersion="4.0" xmlns="http://schemas.microsoft.com/developer/msbuild/2003">
  <ItemGroup>
    <Filter Include="Source Files">
      <UniqueIdentifier>{4FC737F1-C7A5-4376-A066-2A32D752A2FF}</UniqueIdentifier>
      <Extensions>cpp;c;cc;cxx;def;odl;idl;hpj;bat;asm;asmx</Extensions>
    </Filter>
    <Filter Include="Header Files">
      <UniqueIdentifier>{93995380-89BD-4b04-88EB-625FBE52EBFB}</UniqueIdentifier>
      <Extensions>h;hpp;hxx;hm;inl;inc;xsd</Extensions>
    </Filter>
    <Filter Include="Resource Files">
      <UniqueIdentifier>{67DA6AB6-F800-4c08-8B7A-83BB121AAD01}</UniqueIdentifier>
      <Extensions>rc;ico;cur;bmp;dlg;rc2;rct;bin;rgs;gif;jpg;jpeg;jpe;resx;tiff;tif;png;wav</Extensions>
    </Filter>
    <Filter Include="Blocks">
      <UniqueIdentifier>{D18A56F7-BDF5-45F6-BF81-02473B755283}</UniqueIdentifier>
    </Filter>
    <Filter Include="Blocks\ciUI">
      <UniqueIdentifier>{D596376F-1066-4837-8309-9EAA4209CC2B}</UniqueIdentifier>
    </Filter>
    <Filter Include="Blocks\ciUI\src">
      <UniqueIdentifier>{051D151C-8BE6-4C23-94D8-E2A39D7E14AC}</UniqueIdentifier>
    </Filter>
    <Filter Include="Blocks\OSC">
      <UniqueIdentifier>{2213C46C-1450-44BB-A014-058BA8EE0096}</UniqueIdentifier>
    </Filter>
    <Filter Include="Blocks\OSC\src">
      <UniqueIdentifier>{68F9BB48-3F9D-401F-9EED-6A99D06A10BB}</UniqueIdentifier>
    </Filter>
    <Filter Include="Blocks\OSC\src\ip">
      <UniqueIdentifier>{40CAFF91-0227-4A3C-9CEC-553BF3DD23C5}</UniqueIdentifier>
    </Filter>
    <Filter Include="Blocks\OSC\src\osc">
      <UniqueIdentifier>{58F0BEBD-3FF3-4E92-BEF4-511D8FCFD729}</UniqueIdentifier>
    </Filter>
    <Filter Include="Blocks\OSC\src\ip\win32">
      <UniqueIdentifier>{B3916A23-8FF9-4FF2-AE3A-34042A7C5342}</UniqueIdentifier>
    </Filter>
  </ItemGroup>
  <ItemGroup>
    <ClCompile Include="..\src\radomeApp.cpp">
      <Filter>Source Files</Filter>
    </ClCompile>
    <ClCompile Include="..\src\radomeApp.cpp">
      <Filter>Source Files</Filter>
    </ClCompile>
    <ClInclude Include="..\include\Resources.h">
      <Filter>Header Files</Filter>
    </ClInclude>
    <ClInclude Include="..\blocks\ciUI\src\ciUI.h">
      <Filter>Blocks\ciUI\src</Filter>
    </ClInclude>
    <ClInclude Include="..\blocks\ciUI\src\ciUI2DPad.h">
      <Filter>Blocks\ciUI\src</Filter>
    </ClInclude>
    <ClInclude Include="..\blocks\ciUI\src\ciUIBiLabelSlider.h">
      <Filter>Blocks\ciUI\src</Filter>
    </ClInclude>
    <ClInclude Include="..\blocks\ciUI\src\ciUIButton.h">
      <Filter>Blocks\ciUI\src</Filter>
    </ClInclude>
    <ClInclude Include="..\blocks\ciUI\src\ciUICanvas.h">
      <Filter>Blocks\ciUI\src</Filter>
    </ClInclude>
    <ClInclude Include="..\blocks\ciUI\src\ciUICircleSlider.h">
      <Filter>Blocks\ciUI\src</Filter>
    </ClInclude>
    <ClInclude Include="..\blocks\ciUI\src\ciUIDropDownList.h">
      <Filter>Blocks\ciUI\src</Filter>
    </ClInclude>
    <ClInclude Include="..\blocks\ciUI\src\ciUIEvent.h">
      <Filter>Blocks\ciUI\src</Filter>
    </ClInclude>
    <ClInclude Include="..\blocks\ciUI\src\ciUIFPS.h">
      <Filter>Blocks\ciUI\src</Filter>
    </ClInclude>
    <ClInclude Include="..\blocks\ciUI\src\ciUIFPSSlider.h">
      <Filter>Blocks\ciUI\src</Filter>
    </ClInclude>
    <ClInclude Include="..\blocks\ciUI\src\ciUIImage.h">
      <Filter>Blocks\ciUI\src</Filter>
    </ClInclude>
    <ClInclude Include="..\blocks\ciUI\src\ciUIImageButton.h">
      <Filter>Blocks\ciUI\src</Filter>
    </ClInclude>
    <ClInclude Include="..\blocks\ciUI\src\ciUIImageSampler.h">
      <Filter>Blocks\ciUI\src</Filter>
    </ClInclude>
    <ClInclude Include="..\blocks\ciUI\src\ciUIImageSlider.h">
      <Filter>Blocks\ciUI\src</Filter>
    </ClInclude>
    <ClInclude Include="..\blocks\ciUI\src\ciUIImageToggle.h">
      <Filter>Blocks\ciUI\src</Filter>
    </ClInclude>
    <ClInclude Include="..\blocks\ciUI\src\ciUILabel.h">
      <Filter>Blocks\ciUI\src</Filter>
    </ClInclude>
    <ClInclude Include="..\blocks\ciUI\src\ciUILabelButton.h">
      <Filter>Blocks\ciUI\src</Filter>
    </ClInclude>
    <ClInclude Include="..\blocks\ciUI\src\ciUILabelToggle.h">
      <Filter>Blocks\ciUI\src</Filter>
    </ClInclude>
    <ClInclude Include="..\blocks\ciUI\src\ciUIMinimalSlider.h">
      <Filter>Blocks\ciUI\src</Filter>
    </ClInclude>
    <ClInclude Include="..\blocks\ciUI\src\ciUIMovingGraph.h">
      <Filter>Blocks\ciUI\src</Filter>
    </ClInclude>
    <ClInclude Include="..\blocks\ciUI\src\ciUIMultiImageButton.h">
      <Filter>Blocks\ciUI\src</Filter>
    </ClInclude>
    <ClInclude Include="..\blocks\ciUI\src\ciUIMultiImageToggle.h">
      <Filter>Blocks\ciUI\src</Filter>
    </ClInclude>
    <ClInclude Include="..\blocks\ciUI\src\ciUINumberDialer.h">
      <Filter>Blocks\ciUI\src</Filter>
    </ClInclude>
    <ClInclude Include="..\blocks\ciUI\src\ciUIRadio.h">
      <Filter>Blocks\ciUI\src</Filter>
    </ClInclude>
    <ClInclude Include="..\blocks\ciUI\src\ciUIRangeSlider.h">
      <Filter>Blocks\ciUI\src</Filter>
    </ClInclude>
    <ClInclude Include="..\blocks\ciUI\src\ciUIRectangle.h">
      <Filter>Blocks\ciUI\src</Filter>
    </ClInclude>
    <ClInclude Include="..\blocks\ciUI\src\ciUIRotarySlider.h">
      <Filter>Blocks\ciUI\src</Filter>
    </ClInclude>
    <ClInclude Include="..\blocks\ciUI\src\ciUIScrollableCanvas.h">
      <Filter>Blocks\ciUI\src</Filter>
    </ClInclude>
    <ClInclude Include="..\blocks\ciUI\src\ciUISlider.h">
      <Filter>Blocks\ciUI\src</Filter>
    </ClInclude>
    <ClInclude Include="..\blocks\ciUI\src\ciUISpacer.h">
      <Filter>Blocks\ciUI\src</Filter>
    </ClInclude>
    <ClInclude Include="..\blocks\ciUI\src\ciUISpectrum.h">
      <Filter>Blocks\ciUI\src</Filter>
    </ClInclude>
    <ClInclude Include="..\blocks\ciUI\src\ciUITextInput.h">
      <Filter>Blocks\ciUI\src</Filter>
    </ClInclude>
    <ClInclude Include="..\blocks\ciUI\src\ciUIToggle.h">
      <Filter>Blocks\ciUI\src</Filter>
    </ClInclude>
    <ClInclude Include="..\blocks\ciUI\src\ciUIToggleMatrix.h">
      <Filter>Blocks\ciUI\src</Filter>
    </ClInclude>
    <ClInclude Include="..\blocks\ciUI\src\ciUIWaveform.h">
      <Filter>Blocks\ciUI\src</Filter>
    </ClInclude>
    <ClInclude Include="..\blocks\ciUI\src\ciUIWidget.h">
      <Filter>Blocks\ciUI\src</Filter>
    </ClInclude>
    <ClInclude Include="..\blocks\ciUI\src\ciUIWidgetWithLabel.h">
      <Filter>Blocks\ciUI\src</Filter>
    </ClInclude>
    <ClCompile Include="..\blocks\OSC\src\OscBundle.cpp">
      <Filter>Blocks\OSC\src</Filter>
    </ClCompile>
    <ClCompile Include="..\blocks\OSC\src\OscListener.cpp">
      <Filter>Blocks\OSC\src</Filter>
    </ClCompile>
    <ClCompile Include="..\blocks\OSC\src\OscMessage.cpp">
      <Filter>Blocks\OSC\src</Filter>
    </ClCompile>
    <ClCompile Include="..\blocks\OSC\src\OscSender.cpp">
      <Filter>Blocks\OSC\src</Filter>
    </ClCompile>
    <ClCompile Include="..\blocks\OSC\src\ip\IpEndpointName.cpp">
      <Filter>Blocks\OSC\src\ip</Filter>
    </ClCompile>
    <ClCompile Include="..\blocks\OSC\src\osc\OscOutboundPacketStream.cpp">
      <Filter>Blocks\OSC\src\osc</Filter>
    </ClCompile>
    <ClCompile Include="..\blocks\OSC\src\osc\OscPrintReceivedElements.cpp">
      <Filter>Blocks\OSC\src\osc</Filter>
    </ClCompile>
    <ClCompile Include="..\blocks\OSC\src\osc\OscReceivedElements.cpp">
      <Filter>Blocks\OSC\src\osc</Filter>
    </ClCompile>
    <ClCompile Include="..\blocks\OSC\src\osc\OscTypes.cpp">
      <Filter>Blocks\OSC\src\osc</Filter>
    </ClCompile>
    <ClInclude Include="..\blocks\OSC\src\OscArg.h">
      <Filter>Blocks\OSC\src</Filter>
    </ClInclude>
    <ClInclude Include="..\blocks\OSC\src\OscBundle.h">
      <Filter>Blocks\OSC\src</Filter>
    </ClInclude>
    <ClInclude Include="..\blocks\OSC\src\OscListener.h">
      <Filter>Blocks\OSC\src</Filter>
    </ClInclude>
    <ClInclude Include="..\blocks\OSC\src\OscMessage.h">
      <Filter>Blocks\OSC\src</Filter>
    </ClInclude>
    <ClInclude Include="..\blocks\OSC\src\OscSender.h">
      <Filter>Blocks\OSC\src</Filter>
    </ClInclude>
    <ClInclude Include="..\blocks\OSC\src\ip\IpEndpointName.h">
      <Filter>Blocks\OSC\src\ip</Filter>
    </ClInclude>
    <ClInclude Include="..\blocks\OSC\src\ip\NetworkingUtils.h">
      <Filter>Blocks\OSC\src\ip</Filter>
    </ClInclude>
    <ClInclude Include="..\blocks\OSC\src\ip\PacketListener.h">
      <Filter>Blocks\OSC\src\ip</Filter>
    </ClInclude>
    <ClInclude Include="..\blocks\OSC\src\ip\TimerListener.h">
      <Filter>Blocks\OSC\src\ip</Filter>
    </ClInclude>
    <ClInclude Include="..\blocks\OSC\src\ip\UdpSocket.h">
      <Filter>Blocks\OSC\src\ip</Filter>
    </ClInclude>
    <ClInclude Include="..\blocks\OSC\src\osc\MessageMappingOscPacketListener.h">
      <Filter>Blocks\OSC\src\osc</Filter>
    </ClInclude>
    <ClInclude Include="..\blocks\OSC\src\osc\OscException.h">
      <Filter>Blocks\OSC\src\osc</Filter>
    </ClInclude>
    <ClInclude Include="..\blocks\OSC\src\osc\OscHostEndianness.h">
      <Filter>Blocks\OSC\src\osc</Filter>
    </ClInclude>
    <ClInclude Include="..\blocks\OSC\src\osc\OscOutboundPacketStream.h">
      <Filter>Blocks\OSC\src\osc</Filter>
    </ClInclude>
    <ClInclude Include="..\blocks\OSC\src\osc\OscPacketListener.h">
      <Filter>Blocks\OSC\src\osc</Filter>
    </ClInclude>
    <ClInclude Include="..\blocks\OSC\src\osc\OscPrintReceivedElements.h">
      <Filter>Blocks\OSC\src\osc</Filter>
    </ClInclude>
    <ClInclude Include="..\blocks\OSC\src\osc\OscReceivedElements.h">
      <Filter>Blocks\OSC\src\osc</Filter>
    </ClInclude>
    <ClInclude Include="..\blocks\OSC\src\osc\OscTypes.h">
      <Filter>Blocks\OSC\src\osc</Filter>
    </ClInclude>
    <ClCompile Include="..\blocks\OSC\src\ip\win32\NetworkingUtils.cpp">
      <Filter>Blocks\OSC\src\ip\win32</Filter>
    </ClCompile>
    <ClCompile Include="..\blocks\OSC\src\ip\win32\UdpSocket.cpp">
      <Filter>Blocks\OSC\src\ip\win32</Filter>
    </ClCompile>
  </ItemGroup>
  <ItemGroup>
    <ClInclude Include="..\include\Resources.h">
      <Filter>Header Files</Filter>
    </ClInclude>
  </ItemGroup>
  <ItemGroup>
    <ResourceCompile Include="Resources.rc">
      <Filter>Resource Files</Filter>
    </ResourceCompile>
  </ItemGroup>
</Project>
